Microsoft Visual Studio Solution File, Format Version 12.00
# Visual Studio Version 17
VisualStudioVersion = 17.0.31903.59
MinimumVisualStudioVersion = 10.0.40219.1
Project("{FAE04EC0-301F-11D3-BF4B-00C04F79EFBC}") = "NetSweep", "NetSweep\NetSweep.csproj", "{B1A6C9D2-4E3F-4A1B-9C7D-1F2E3A4B5C6D}"
EndProject
Project("{FAE04EC0-301F-11D3-BF4B-00C04F79EFBC}") = "NetSweep.Tests", "NetSweep.Tests\NetSweep.Tests.csproj", "{C2B7D9E3-5F4G-5B2C-AD8E-2G3F4B5C6D7E}"
EndProject
Global
	GlobalSection(SolutionConfigurationPlatforms) = preSolution
		Debug|Any CPU = Debug|Any CPU
		Release|Any CPU = Release|Any CPU
	EndGlobalSection
	GlobalSection(ProjectConfigurationPlatforms) = postSolution
		{B1A6C9D2-4E3F-4A1B-9C7D-1F2E3A4B5C6D}.Debug|Any CPU.ActiveCfg = Debug|Any CPU
		{B1A6C9D2-4E3F-4A1B-9C7D-1F2E3A4B5C6D}.Debug|Any CPU.Build.0 = Debug|Any CPU
		{B1A6C9D2-4E3F-4A1B-9C7D-1F2E3A4B5C6D}.Release|Any CPU.ActiveCfg = Release|Any CPU
		{B1A6C9D2-4E3F-4A1B-9C7D-1F2E3A4B5C6D}.Release|Any CPU.Build.0 = Release|Any CPU
		{C2B7D9E3-5F4G-5B2C-AD8E-2G3F4B5C6D7E}.Debug|Any CPU.ActiveCfg = Debug|Any CPU
		{C2B7D9E3-5F4G-5B2C-AD8E-2G3F4B5C6D7E}.Debug|Any CPU.Build.0 = Debug|Any CPU
		{C2B7D9E3-5F4G-5B2C-AD8E-2G3F4B5C6D7E}.Release|Any CPU.ActiveCfg = Release|Any CPU
		{C2B7D9E3-5F4G-5B2C-AD8E-2G3F4B5C6D7E}.Release|Any CPU.Build.0 = Release|Any CPU
	EndGlobalSection
	GlobalSection(SolutionProperties) = preSolution
		HideSolutionNode = FALSE
	EndGlobalSection
EndGlobal
